
Microsoft Visual Studio Solution File, Format Version 12.00
# Visual Studio Version 16
VisualStudioVersion = 16.0.29230.47
MinimumVisualStudioVersion = 10.0.40219.1
Project("{FAE04EC0-301F-11D3-BF4B-00C04F79EFBC}") = "rp799815_MIS4200", "rp799815_MIS4200.csproj", "{6E39513B-D587-464C-B200-43F03C98F470}"
EndProject
Global
	GlobalSection(SolutionConfigurationPlatforms) = preSolution
		Debug|Any CPU = Debug|Any CPU
		Release|Any CPU = Release|Any CPU
	EndGlobalSection
	GlobalSection(ProjectConfigurationPlatforms) = postSolution
		{6E39513B-D587-464C-B200-43F03C98F470}.Debug|Any CPU.ActiveCfg = Debug|Any CPU
		{6E39513B-D587-464C-B200-43F03C98F470}.Debug|Any CPU.Build.0 = Debug|Any CPU
		{6E39513B-D587-464C-B200-43F03C98F470}.Release|Any CPU.ActiveCfg = Release|Any CPU
		{6E39513B-D587-464C-B200-43F03C98F470}.Release|Any CPU.Build.0 = Release|Any CPU
	EndGlobalSection
	GlobalSection(SolutionProperties) = preSolution
		HideSolutionNode = FALSE
	EndGlobalSection
	GlobalSection(ExtensibilityGlobals) = postSolution
		SolutionGuid = {F79383A4-03DD-47A8-BB51-A64FCAA76C46}
	EndGlobalSection
EndGlobal
